dependencies:
  axios: 0.18.0
  moment: 2.24.0
  react-bootstrap: 1.0.0-beta.8
  react-moment: 0.9.2
  react-redux: 7.0.3
  react-router-dom: 5.0.0
  redux: 4.0.1
  redux-devtools-extension: 2.13.8
  redux-thunk: 2.3.0
  uuid: 3.3.2
lockfileVersion: 5
packages:
  /@babel/runtime/7.4.4:
    dependencies:
      regenerator-runtime: 0.13.2
    dev: false
    resolution:
      integrity: sha512-w0+uT71b6Yi7i5SE0co4NioIpSYS6lLiXvCzWzGSKvpK5vdQtCbICHMj+gbAKAOtxiV6HsVh/MBdaF9EQ6faSg==
  /@babel/runtime/7.4.5:
    dependencies:
      regenerator-runtime: 0.13.2
    dev: false
    resolution:
      integrity: sha512-TuI4qpWZP6lGOGIuGWtp9sPluqYICmbk8T/1vpSysqJxRPkudh/ofFWyqdcMsDf2s7KvDL4/YHgKyvcS3g9CJQ==
  /@react-bootstrap/react-popper/1.2.1:
    dependencies:
      babel-runtime: 6.26.0
      create-react-context: 0.2.3_prop-types@15.7.2
      popper.js: 1.15.0
      prop-types: 15.7.2
      typed-styles: 0.0.5
      warning: 3.0.0
    dev: false
    peerDependencies:
      react: 0.14.x || ^15.0.0 || ^16.0.0
    resolution:
      integrity: sha512-4l3q7LcZEhrSkI4d3Ie3g4CdrXqqTexXX4PFT45CB0z5z2JUbaxgRwKNq7r5j2bLdVpZm+uvUGqxJw8d9vgbJQ==
  /@restart/context/2.1.4:
    dev: false
    peerDependencies:
      react: '>=16.3.2'
    resolution:
      integrity: sha512-INJYZQJP7g+IoDUh/475NlGiTeMfwTXUEr3tmRneckHIxNolGOW9CTq83S8cxq0CgJwwcMzMJFchxvlwe7Rk8Q==
  /@restart/hooks/0.2.13:
    dev: false
    peerDependencies:
      react: ^16.8.0-0
    resolution:
      integrity: sha512-riuYub4Xx/Pk+YUPRHZPwJd2+rAJSsRd4Pqkqvhzu+AbkDdNi4y+kYEQicnAofbfTA5apRPm3cK9sWc6Gj5DNg==
  /asap/2.0.6:
    dev: false
    resolution:
      integrity: sha1-5QNHYR1+aQlDIIu9r+vLwvuGbUY=
  /axios/0.18.0:
    dependencies:
      follow-redirects: 1.7.0
      is-buffer: 1.1.6
    dev: false
    resolution:
      integrity: sha1-MtU+SFHv3AoRmTts0AB4nXDAUQI=
  /babel-runtime/6.26.0:
    dependencies:
      core-js: 2.6.8
      regenerator-runtime: 0.11.1
    dev: false
    resolution:
      integrity: sha1-llxwWGaOgrVde/4E/yM3vItWR/4=
  /classnames/2.2.6:
    dev: false
    resolution:
      integrity: sha512-JR/iSQOSt+LQIWwrwEzJ9uk0xfN3mTVYMwt1Ir5mUcSN6pU+V4zQFFaJsclJbPuAUQH+yfWef6tm7l1quW3C8Q==
  /core-js/1.2.7:
    deprecated: 'core-js@<2.6.8 is no longer maintained. Please, upgrade to core-js@3 or at least to actual version of core-js@2.'
    dev: false
    resolution:
      integrity: sha1-ZSKUwUZR2yj6k70tX/KYOk8IxjY=
  /core-js/2.6.8:
    dev: false
    requiresBuild: true
    resolution:
      integrity: sha512-RWlREFU74TEkdXzyl1bka66O3kYp8jeTXrvJZDzVVMH8AiHUSOFpL1yfhQJ+wHocAm1m+4971W1PPzfLuCv1vg==
  /create-react-context/0.2.2_prop-types@15.7.2:
    dependencies:
      fbjs: 0.8.17
      gud: 1.0.0
      prop-types: 15.7.2
    dev: false
    peerDependencies:
      prop-types: ^15.0.0
      react: ^0.14.0 || ^15.0.0 || ^16.0.0
    resolution:
      integrity: sha512-KkpaLARMhsTsgp0d2NA/R94F/eDLbhXERdIq3LvX2biCAXcDvHYoOqHfWCHf1+OLj+HKBotLG3KqaOOf+C1C+A==
  /create-react-context/0.2.3_prop-types@15.7.2:
    dependencies:
      fbjs: 0.8.17
      gud: 1.0.0
      prop-types: 15.7.2
    dev: false
    peerDependencies:
      prop-types: ^15.0.0
      react: ^0.14.0 || ^15.0.0 || ^16.0.0
    resolution:
      integrity: sha512-CQBmD0+QGgTaxDL3OX1IDXYqjkp2It4RIbcb99jS6AEg27Ga+a9G3JtK6SIu0HBwPLZlmwt9F7UwWA4Bn92Rag==
  /debug/3.2.6:
    dependencies:
      ms: 2.1.1
    dev: false
    resolution:
      integrity: sha512-mel+jf7nrtEl5Pn1Qx46zARXKDpBbvzezse7p7LqINmdoIk8PYP5SySaxEmYv6TZ0JyEKA1hsCId6DIhgITtWQ==
  /dom-helpers/3.4.0:
    dependencies:
      '@babel/runtime': 7.4.5
    dev: false
    resolution:
      integrity: sha512-LnuPJ+dwqKDIyotW1VzmOZ5TONUN7CwkCR5hrgawTUbkBGYdeoNLZo6nNfGkCrjtE1nXXaj7iMMpDa8/d9WoIA==
  /encoding/0.1.12:
    dependencies:
      iconv-lite: 0.4.24
    dev: false
    resolution:
      integrity: sha1-U4tm8+5izRq1HsMjgp0flIDHS+s=
  /fbjs/0.8.17:
    dependencies:
      core-js: 1.2.7
      isomorphic-fetch: 2.2.1
      loose-envify: 1.4.0
      object-assign: 4.1.1
      promise: 7.3.1
      setimmediate: 1.0.5
      ua-parser-js: 0.7.19
    dev: false
    resolution:
      integrity: sha1-xNWY6taUkRJlPWWIsBpc3Nn5D90=
  /follow-redirects/1.7.0:
    dependencies:
      debug: 3.2.6
    dev: false
    engines:
      node: '>=4.0'
    resolution:
      integrity: sha512-m/pZQy4Gj287eNy94nivy5wchN3Kp+Q5WgUPNy5lJSZ3sgkVKSYV/ZChMAQVIgx1SqfZ2zBZtPA2YlXIWxxJOQ==
  /gud/1.0.0:
    dev: false
    resolution:
      integrity: sha512-zGEOVKFM5sVPPrYs7J5/hYEw2Pof8KCyOwyhG8sAF26mCAeUFAcYPu1mwB7hhpIP29zOIBaDqwuHdLp0jvZXjw==
  /history/4.9.0:
    dependencies:
      '@babel/runtime': 7.4.4
      loose-envify: 1.4.0
      resolve-pathname: 2.2.0
      tiny-invariant: 1.0.4
      tiny-warning: 1.0.2
      value-equal: 0.4.0
    dev: false
    resolution:
      integrity: sha512-H2DkjCjXf0Op9OAr6nJ56fcRkTSNrUiv41vNJ6IswJjif6wlpZK0BTfFbi7qK9dXLSYZxkq5lBsj3vUjlYBYZA==
  /hoist-non-react-statics/3.3.0:
    dependencies:
      react-is: 16.8.6
    dev: false
    resolution:
      integrity: sha512-0XsbTXxgiaCDYDIWFcwkmerZPSwywfUqYmwT4jzewKTQSWoE6FCMoUVOeBJWK3E/CrWbxRG3m5GzY4lnIwGRBA==
  /iconv-lite/0.4.24:
    dependencies:
      safer-buffer: 2.1.2
    dev: false
    engines:
      node: '>=0.10.0'
    resolution:
      integrity: sha512-v3MXnZAcvnywkTUEZomIActle7RXXeedOR31wwl7VlyoXO4Qi9arvSenNQWne1TcRwhCL1HwLI21bEqdpj8/rA==
  /invariant/2.2.4:
    dependencies:
      loose-envify: 1.4.0
    dev: false
    resolution:
      integrity: sha512-phJfQVBuaJM5raOpJjSfkiD6BpbCE4Ns//LaXl6wGYtUBY83nWS6Rf9tXm2e8VaK60JEjYldbPif/A2B1C2gNA==
  /is-buffer/1.1.6:
    dev: false
    resolution:
      integrity: sha512-NcdALwpXkTm5Zvvbk7owOUSvVvBKDgKP5/ewfXEznmQFfs4ZRmanOeKBTjRVjka3QFoN6XJ+9F3USqfHqTaU5w==
  /is-stream/1.1.0:
    dev: false
    engines:
      node: '>=0.10.0'
    resolution:
      integrity: sha1-EtSj3U5o4Lec6428hBc66A2RykQ=
  /isarray/0.0.1:
    dev: false
    resolution:
      integrity: sha1-ihis/Kmo9Bd+Cav8YDiTmwXR7t8=
  /isomorphic-fetch/2.2.1:
    dependencies:
      node-fetch: 1.7.3
      whatwg-fetch: 3.0.0
    dev: false
    resolution:
      integrity: sha1-YRrhrPFPXoH3KVB0coGf6XM1WKk=
  /js-tokens/4.0.0:
    dev: false
    resolution:
      integrity: sha512-RdJUflcE3cUzKiMqQgsCu06FPu9UdIJO0beYbPhHN4k6apgJtifcoCtT9bcxOpYBtpD2kCM6Sbzg4CausW/PKQ==
  /keycode/2.2.0:
    dev: false
    resolution:
      integrity: sha1-PQr1bce4uOXLqNCpfxByBO7CKwQ=
  /loose-envify/1.4.0:
    dependencies:
      js-tokens: 4.0.0
    dev: false
    hasBin: true
    resolution:
      integrity: sha512-lyuxPGr/Wfhrlem2CL/UcnUc1zcqKAImBDzukY7Y5F/yQiNdko6+fRLevlw1HgMySw7f611UIY408EtxRSoK3Q==
  /moment/2.24.0:
    dev: false
    resolution:
      integrity: sha512-bV7f+6l2QigeBBZSM/6yTNq4P2fNpSWj/0e7jQcy87A8e7o2nAfP/34/2ky5Vw4B9S446EtIhodAzkFCcR4dQg==
  /ms/2.1.1:
    dev: false
    resolution:
      integrity: sha512-tgp+dl5cGk28utYktBsrFqA7HKgrhgPsg6Z/EfhWI4gl1Hwq8B/GmY/0oXZ6nF8hDVesS/FpnYaD/kOWhYQvyg==
  /node-fetch/1.7.3:
    dependencies:
      encoding: 0.1.12
      is-stream: 1.1.0
    dev: false
    resolution:
      integrity: sha512-NhZ4CsKx7cYm2vSrBAr2PvFOe6sWDf0UYLRqA6svUYg7+/TSfVAu49jYC4BvQ4Sms9SZgdqGBgroqfDhJdTyKQ==
  /object-assign/4.1.1:
    dev: false
    engines:
      node: '>=0.10.0'
    resolution:
      integrity: sha1-IQmtx5ZYh8/AXLvUQsrIv7s2CGM=
  /path-to-regexp/1.7.0:
    dependencies:
      isarray: 0.0.1
    dev: false
    resolution:
      integrity: sha1-Wf3g9DW62suhA6hOnTvGTpa5k30=
  /popper.js/1.15.0:
    dev: false
    resolution:
      integrity: sha512-w010cY1oCUmI+9KwwlWki+r5jxKfTFDVoadl7MSrIujHU5MJ5OR6HTDj6Xo8aoR/QsA56x8jKjA59qGH4ELtrA==
  /promise/7.3.1:
    dependencies:
      asap: 2.0.6
    dev: false
    resolution:
      integrity: sha512-nolQXZ/4L+bP/UGlkfaIujX9BKxGwmQ9OT4mOt5yvy8iK1h3wqTEJCijzGANTCCl9nWjY41juyAn2K3Q1hLLTg==
  /prop-types-extra/1.1.0:
    dependencies:
      react-is: 16.8.6
      warning: 3.0.0
    dev: false
    peerDependencies:
      react: '>=0.14.0'
    resolution:
      integrity: sha512-QFyuDxvMipmIVKD2TwxLVPzMnO4e5oOf1vr3tJIomL8E7d0lr6phTHd5nkPhFIzTD1idBLLEPeylL9g+rrTzRg==
  /prop-types/15.7.2:
    dependencies:
      loose-envify: 1.4.0
      object-assign: 4.1.1
      react-is: 16.8.6
    dev: false
    resolution:
      integrity: sha512-8QQikdH7//R2vurIJSutZ1smHYTcLpRWEOlHnzcWHmBYrOGUysKwSsrC89BCiFj3CbrfJ/nXFdJepOVrY1GCHQ==
  /react-bootstrap/1.0.0-beta.8:
    dependencies:
      '@babel/runtime': 7.4.5
      '@react-bootstrap/react-popper': 1.2.1
      '@restart/context': 2.1.4
      '@restart/hooks': 0.2.13
      classnames: 2.2.6
      dom-helpers: 3.4.0
      invariant: 2.2.4
      keycode: 2.2.0
      popper.js: 1.15.0
      prop-types: 15.7.2
      prop-types-extra: 1.1.0
      react-overlays: 1.2.0
      react-transition-group: 2.9.0
      uncontrollable: 6.1.0
      warning: 4.0.3
    dev: false
    peerDependencies:
      react: '>=16.8.0'
      react-dom: '>=16.8.0'
    resolution:
      integrity: sha512-rdCJbjBMIVzjeKrploQJMpmpVkndsPDFH+NBGM5npefL+oA5WBEzURgllWLbKdb3mmuuJamilt4j7+Dg7yTxBQ==
  /react-context-toolbox/2.0.2:
    dev: false
    peerDependencies:
      react: '>=16.3.2'
    resolution:
      integrity: sha512-tY4j0imkYC3n5ZlYSgFkaw7fmlCp3IoQQ6DxpqeNHzcD0hf+6V+/HeJxviLUZ1Rv1Yn3N3xyO2EhkkZwHn0m1A==
  /react-is/16.8.6:
    dev: false
    resolution:
      integrity: sha512-aUk3bHfZ2bRSVFFbbeVS4i+lNPZr3/WM5jT2J5omUVV1zzcs1nAaf3l51ctA5FFvCRbhrH0bdAsRRQddFJZPtA==
  /react-lifecycles-compat/3.0.4:
    dev: false
    resolution:
      integrity: sha512-fBASbA6LnOU9dOU2eW7aQ8xmYBSXUIWr+UmF9b1efZBazGNO+rcXT/icdKnYm2pTwcRylVUYwW7H1PHfLekVzA==
  /react-moment/0.9.2:
    dev: false
    peerDependencies:
      moment: ^2.24.0
      prop-types: ^15.7.2
      react: ^15.6.0 || ^16.0.0
    resolution:
      integrity: sha512-jpKIEvcEOTSa4RXWTjDlvja7sN+ee5Gyk5ZKa704FZxE01OxmKIpq9GUliqTrAgdDYJJUQsnqQamczn0TN+DTg==
  /react-overlays/1.2.0:
    dependencies:
      classnames: 2.2.6
      dom-helpers: 3.4.0
      prop-types: 15.7.2
      prop-types-extra: 1.1.0
      react-context-toolbox: 2.0.2
      react-popper: 1.3.3
      uncontrollable: 6.1.0
      warning: 4.0.3
    dev: false
    peerDependencies:
      react: '>=16.3.0'
      react-dom: '>=16.3.0'
    resolution:
      integrity: sha512-i/FCV8wR6aRaI+Kz/dpJhOdyx+ah2tN1RhT9InPrexyC4uzf3N4bNayFTGtUeQVacj57j1Mqh1CwV60/5153Iw==
  /react-popper/1.3.3:
    dependencies:
      '@babel/runtime': 7.4.5
      create-react-context: 0.2.2_prop-types@15.7.2
      popper.js: 1.15.0
      prop-types: 15.7.2
      typed-styles: 0.0.7
      warning: 4.0.3
    dev: false
    peerDependencies:
      react: 0.14.x || ^15.0.0 || ^16.0.0
    resolution:
      integrity: sha512-ynMZBPkXONPc5K4P5yFWgZx5JGAUIP3pGGLNs58cfAPgK67olx7fmLp+AdpZ0+GoQ+ieFDa/z4cdV6u7sioH6w==
  /react-redux/7.0.3:
    dependencies:
      '@babel/runtime': 7.4.4
      hoist-non-react-statics: 3.3.0
      invariant: 2.2.4
      loose-envify: 1.4.0
      prop-types: 15.7.2
      react-is: 16.8.6
    dev: false
    peerDependencies:
      react: ^16.8.3
      redux: ^2.0.0 || ^3.0.0 || ^4.0.0-0
    resolution:
      integrity: sha512-vYZA7ftOYlDk3NetitsI7fLjryt/widNl1SLXYvFenIpm7vjb4ryK0EeFrgn62usg5fYkyIAWNUPKnwWPevKLg==
  /react-router-dom/5.0.0:
    dependencies:
      '@babel/runtime': 7.4.4
      history: 4.9.0
      loose-envify: 1.4.0
      prop-types: 15.7.2
      react-router: 5.0.0
      tiny-invariant: 1.0.4
      tiny-warning: 1.0.2
    dev: false
    peerDependencies:
      react: '>=15'
    resolution:
      integrity: sha512-wSpja5g9kh5dIteZT3tUoggjnsa+TPFHSMrpHXMpFsaHhQkm/JNVGh2jiF9Dkh4+duj4MKCkwO6H08u6inZYgQ==
  /react-router/5.0.0:
    dependencies:
      '@babel/runtime': 7.4.4
      create-react-context: 0.2.3_prop-types@15.7.2
      history: 4.9.0
      hoist-non-react-statics: 3.3.0
      loose-envify: 1.4.0
      path-to-regexp: 1.7.0
      prop-types: 15.7.2
      react-is: 16.8.6
      tiny-invariant: 1.0.4
      tiny-warning: 1.0.2
    dev: false
    peerDependencies:
      react: '>=15'
    resolution:
      integrity: sha512-6EQDakGdLG/it2x9EaCt9ZpEEPxnd0OCLBHQ1AcITAAx7nCnyvnzf76jKWG1s2/oJ7SSviUgfWHofdYljFexsA==
  /react-transition-group/2.9.0:
    dependencies:
      dom-helpers: 3.4.0
      loose-envify: 1.4.0
      prop-types: 15.7.2
      react-lifecycles-compat: 3.0.4
    dev: false
    peerDependencies:
      react: '>=15.0.0'
      react-dom: '>=15.0.0'
    resolution:
      integrity: sha512-+HzNTCHpeQyl4MJ/bdE0u6XRMe9+XG/+aL4mCxVN4DnPBQ0/5bfHWPDuOZUzYdMj94daZaZdCCc1Dzt9R/xSSg==
  /redux-devtools-extension/2.13.8:
    dev: false
    peerDependencies:
      redux: ^3.1.0 || ^4.0.0
    resolution:
      integrity: sha512-8qlpooP2QqPtZHQZRhx3x3OP5skEV1py/zUdMY28WNAocbafxdG2tRD1MWE7sp8obGMNYuLWanhhQ7EQvT1FBg==
  /redux-thunk/2.3.0:
    dev: false
    resolution:
      integrity: sha512-km6dclyFnmcvxhAcrQV2AkZmPQjzPDjgVlQtR0EQjxZPyJ0BnMf3in1ryuR8A2qU0HldVRfxYXbFSKlI3N7Slw==
  /redux/4.0.1:
    dependencies:
      loose-envify: 1.4.0
      symbol-observable: 1.2.0
    dev: false
    resolution:
      integrity: sha512-R7bAtSkk7nY6O/OYMVR9RiBI+XghjF9rlbl5806HJbQph0LJVHZrU5oaO4q70eUKiqMRqm4y07KLTlMZ2BlVmg==
  /regenerator-runtime/0.11.1:
    dev: false
    resolution:
      integrity: sha512-MguG95oij0fC3QV3URf4V2SDYGJhJnJGqvIIgdECeODCT98wSWDAJ94SSuVpYQUoTcGUIL6L4yNB7j1DFFHSBg==
  /regenerator-runtime/0.13.2:
    dev: false
    resolution:
      integrity: sha512-S/TQAZJO+D3m9xeN1WTI8dLKBBiRgXBlTJvbWjCThHWZj9EvHK70Ff50/tYj2J/fvBY6JtFVwRuazHN2E7M9BA==
  /resolve-pathname/2.2.0:
    dev: false
    resolution:
      integrity: sha512-bAFz9ld18RzJfddgrO2e/0S2O81710++chRMUxHjXOYKF6jTAMrUNZrEZ1PvV0zlhfjidm08iRPdTLPno1FuRg==
  /safer-buffer/2.1.2:
    dev: false
    resolution:
      integrity: sha512-YZo3K82SD7Riyi0E1EQPojLz7kpepnSQI9IyPbHHg1XXXevb5dJI7tpyN2ADxGcQbHG7vcyRHk0cbwqcQriUtg==
  /setimmediate/1.0.5:
    dev: false
    resolution:
      integrity: sha1-KQy7Iy4waULX1+qbg3Mqt4VvgoU=
  /symbol-observable/1.2.0:
    dev: false
    engines:
      node: '>=0.10.0'
    resolution:
      integrity: sha512-e900nM8RRtGhlV36KGEU9k65K3mPb1WV70OdjfxlG2EAuM1noi/E/BaW/uMhL7bPEssK8QV57vN3esixjUvcXQ==
  /tiny-invariant/1.0.4:
    dev: false
    resolution:
      integrity: sha512-lMhRd/djQJ3MoaHEBrw8e2/uM4rs9YMNk0iOr8rHQ0QdbM7D4l0gFl3szKdeixrlyfm9Zqi4dxHCM2qVG8ND5g==
  /tiny-warning/1.0.2:
    dev: false
    resolution:
      integrity: sha512-rru86D9CpQRLvsFG5XFdy0KdLAvjdQDyZCsRcuu60WtzFylDM3eAWSxEVz5kzL2Gp544XiUvPbVKtOA/txLi9Q==
  /typed-styles/0.0.5:
    dev: false
    resolution:
      integrity: sha512-ht+rEe5UsdEBAa3gr64+QjUOqjOLJfWLvl5HZR5Ev9uo/OnD3p43wPeFSB1hNFc13GXQF/JU1Bn0YHLUqBRIlw==
  /typed-styles/0.0.7:
    dev: false
    resolution:
      integrity: sha512-pzP0PWoZUhsECYjABgCGQlRGL1n7tOHsgwYv3oIiEpJwGhFTuty/YNeduxQYzXXa3Ge5BdT6sHYIQYpl4uJ+5Q==
  /ua-parser-js/0.7.19:
    dev: false
    resolution:
      integrity: sha512-T3PVJ6uz8i0HzPxOF9SWzWAlfN/DavlpQqepn22xgve/5QecC+XMCAtmUNnY7C9StehaV6exjUCI801lOI7QlQ==
  /uncontrollable/6.1.0:
    dependencies:
      invariant: 2.2.4
    dev: false
    peerDependencies:
      react: '>=15.0.0'
    resolution:
      integrity: sha512-2TzEm0pLKauMBZfAZXsgQvLpZHEp95891frCZdGDrSG7dWYaIQhedwLAzi0X8pR8KHNqlmuYEb2cEgbQzr050A==
  /uuid/3.3.2:
    dev: false
    hasBin: true
    resolution:
      integrity: sha512-yXJmeNaw3DnnKAOKJE51sL/ZaYfWJRl1pK9dr19YFCu0ObS231AB1/LbqTKRAQ5kw8A90rA6fr4riOUpTZvQZA==
  /value-equal/0.4.0:
    dev: false
    resolution:
      integrity: sha512-x+cYdNnaA3CxvMaTX0INdTCN8m8aF2uY9BvEqmxuYp8bL09cs/kWVQPVGcA35fMktdOsP69IgU7wFj/61dJHEw==
  /warning/3.0.0:
    dependencies:
      loose-envify: 1.4.0
    dev: false
    resolution:
      integrity: sha1-MuU3fLVy3kqwR1O9+IIcAe1gW3w=
  /warning/4.0.3:
    dependencies:
      loose-envify: 1.4.0
    dev: false
    resolution:
      integrity: sha512-rpJyN222KWIvHJ/F53XSZv0Zl/accqHR8et1kpaMTD/fLCRxtV8iX8czMzY7sVZupTI3zcUTg8eycS2kNF9l6w==
  /whatwg-fetch/3.0.0:
    dev: false
    resolution:
      integrity: sha512-9GSJUgz1D4MfyKU7KRqwOjXCXTqWdFNvEr7eUBYchQiVc744mqK/MzXPNR2WsPkmkOa4ywfg8C2n8h+13Bey1Q==
specifiers:
  axios: ^0.18.0
  moment: ^2.24.0
  react-bootstrap: ^1.0.0-beta.8
  react-moment: ^0.9.2
  react-redux: ^7.0.3
  react-router-dom: ^5.0.0
  redux: ^4.0.1
  redux-devtools-extension: ^2.13.8
  redux-thunk: ^2.3.0
  uuid: ^3.3.2
